{
  "name": "fresh-keeper-quick-entry-api",
  "version": "0.1.0",
  "lockfileVersion": 3,
  "requires": true,
  "packages": {
    "": {
      "name": "fresh-keeper-quick-entry-api",
      "version": "0.1.0",
      "dependencies": {
        "wx-server-sdk": "4.0.2"
      },
      "engines": {
        "node": "20"
      }
    }
  }
}
